
Microsoft Visual Studio Solution File, Format Version 12.00
# Visual Studio Version 17
VisualStudioVersion = 17.0.31903.59
MinimumVisualStudioVersion = 10.0.40219.1
Project("{2150E333-8FDC-42A3-9474-1A3956D46DE8}") = "src", "src", "{827E0CD3-B72D-47B6-A68D-7590B98EB39B}"
EndProject
Project("{FAE04EC0-301F-11D3-BF4B-00C04F79EFBC}") = "N225BrokerBridge.Domain", "src\N225BrokerBridge.Domain\N225BrokerBridge.Domain.csproj", "{1D7D77F2-9365-4E5D-A106-E42540158B29}"
EndProject
Project("{FAE04EC0-301F-11D3-BF4B-00C04F79EFBC}") = "N225BrokerBridge.Application", "src\N225BrokerBridge.Application\N225BrokerBridge.Application.csproj", "{AAEC95B9-E307-42D5-A7FD-80106EE2A03C}"
EndProject
Project("{FAE04EC0-301F-11D3-BF4B-00C04F79EFBC}") = "N225BrokerBridge.Infrastructure", "src\N225BrokerBridge.Infrastructure\N225BrokerBridge.Infrastructure.csproj", "{B0F2C0CB-9927-4AAB-9FA7-DC5B30EDDF5A}"
EndProject
Project("{FAE04EC0-301F-11D3-BF4B-00C04F79EFBC}") = "N225BrokerBridge.UI", "src\N225BrokerBridge.UI\N225BrokerBridge.UI.csproj", "{214F069D-7BF6-4094-ACAB-0328FE233EE6}"
EndProject
Project("{FAE04EC0-301F-11D3-BF4B-00C04F79EFBC}") = "N225BrokerBridge.Domain.Tests", "tests\N225BrokerBridge.Domain.Tests\N225BrokerBridge.Domain.Tests.csproj", "{E58E7932-E432-4589-9344-5FA62921B0D9}"
EndProject
Project("{FAE04EC0-301F-11D3-BF4B-00C04F79EFBC}") = "N225BrokerBridge.Application.Tests", "tests\N225BrokerBridge.Application.Tests\N225BrokerBridge.Application.Tests.csproj", "{765E3A98-B495-415F-88EC-7E5A9E73CDE2}"
EndProject
Project("{FAE04EC0-301F-11D3-BF4B-00C04F79EFBC}") = "N225BrokerBridge.Infrastructure.Tests", "tests\N225BrokerBridge.Infrastructure.Tests\N225BrokerBridge.Infrastructure.Tests.csproj", "{CD245388-F9D2-4F51-A8F1-29B3DDFEF645}"
EndProject
Global
	GlobalSection(SolutionConfigurationPlatforms) = preSolution
		Debug|Any CPU = Debug|Any CPU
		Debug|x64 = Debug|x64
		Debug|x86 = Debug|x86
		Release|Any CPU = Release|Any CPU
		Release|x64 = Release|x64
		Release|x86 = Release|x86
	EndGlobalSection
	GlobalSection(ProjectConfigurationPlatforms) = postSolution
		{1D7D77F2-9365-4E5D-A106-E42540158B29}.Debug|Any CPU.ActiveCfg = Debug|Any CPU
		{1D7D77F2-9365-4E5D-A106-E42540158B29}.Debug|Any CPU.Build.0 = Debug|Any CPU
		{1D7D77F2-9365-4E5D-A106-E42540158B29}.Debug|x64.ActiveCfg = Debug|Any CPU
		{1D7D77F2-9365-4E5D-A106-E42540158B29}.Debug|x64.Build.0 = Debug|Any CPU
		{1D7D77F2-9365-4E5D-A106-E42540158B29}.Debug|x86.ActiveCfg = Debug|Any CPU
		{1D7D77F2-9365-4E5D-A106-E42540158B29}.Debug|x86.Build.0 = Debug|Any CPU
		{1D7D77F2-9365-4E5D-A106-E42540158B29}.Release|Any CPU.ActiveCfg = Release|Any CPU
		{1D7D77F2-9365-4E5D-A106-E42540158B29}.Release|Any CPU.Build.0 = Release|Any CPU
		{1D7D77F2-9365-4E5D-A106-E42540158B29}.Release|x64.ActiveCfg = Release|Any CPU
		{1D7D77F2-9365-4E5D-A106-E42540158B29}.Release|x64.Build.0 = Release|Any CPU
		{1D7D77F2-9365-4E5D-A106-E42540158B29}.Release|x86.ActiveCfg = Release|Any CPU
		{1D7D77F2-9365-4E5D-A106-E42540158B29}.Release|x86.Build.0 = Release|Any CPU
		{AAEC95B9-E307-42D5-A7FD-80106EE2A03C}.Debug|Any CPU.ActiveCfg = Debug|Any CPU
		{AAEC95B9-E307-42D5-A7FD-80106EE2A03C}.Debug|Any CPU.Build.0 = Debug|Any CPU
		{AAEC95B9-E307-42D5-A7FD-80106EE2A03C}.Debug|x64.ActiveCfg = Debug|Any CPU
		{AAEC95B9-E307-42D5-A7FD-80106EE2A03C}.Debug|x64.Build.0 = Debug|Any CPU
		{AAEC95B9-E307-42D5-A7FD-80106EE2A03C}.Debug|x86.ActiveCfg = Debug|Any CPU
		{AAEC95B9-E307-42D5-A7FD-80106EE2A03C}.Debug|x86.Build.0 = Debug|Any CPU
		{AAEC95B9-E307-42D5-A7FD-80106EE2A03C}.Release|Any CPU.ActiveCfg = Release|Any CPU
		{AAEC95B9-E307-42D5-A7FD-80106EE2A03C}.Release|Any CPU.Build.0 = Release|Any CPU
		{AAEC95B9-E307-42D5-A7FD-80106EE2A03C}.Release|x64.ActiveCfg = Release|Any CPU
		{AAEC95B9-E307-42D5-A7FD-80106EE2A03C}.Release|x64.Build.0 = Release|Any CPU
		{AAEC95B9-E307-42D5-A7FD-80106EE2A03C}.Release|x86.ActiveCfg = Release|Any CPU
		{AAEC95B9-E307-42D5-A7FD-80106EE2A03C}.Release|x86.Build.0 = Release|Any CPU
		{B0F2C0CB-9927-4AAB-9FA7-DC5B30EDDF5A}.Debug|Any CPU.ActiveCfg = Debug|Any CPU
		{B0F2C0CB-9927-4AAB-9FA7-DC5B30EDDF5A}.Debug|Any CPU.Build.0 = Debug|Any CPU
		{B0F2C0CB-9927-4AAB-9FA7-DC5B30EDDF5A}.Debug|x64.ActiveCfg = Debug|Any CPU
		{B0F2C0CB-9927-4AAB-9FA7-DC5B30EDDF5A}.Debug|x64.Build.0 = Debug|Any CPU
		{B0F2C0CB-9927-4AAB-9FA7-DC5B30EDDF5A}.Debug|x86.ActiveCfg = Debug|Any CPU
		{B0F2C0CB-9927-4AAB-9FA7-DC5B30EDDF5A}.Debug|x86.Build.0 = Debug|Any CPU
		{B0F2C0CB-9927-4AAB-9FA7-DC5B30EDDF5A}.Release|Any CPU.ActiveCfg = Release|Any CPU
		{B0F2C0CB-9927-4AAB-9FA7-DC5B30EDDF5A}.Release|Any CPU.Build.0 = Release|Any CPU
		{B0F2C0CB-9927-4AAB-9FA7-DC5B30EDDF5A}.Release|x64.ActiveCfg = Release|Any CPU
		{B0F2C0CB-9927-4AAB-9FA7-DC5B30EDDF5A}.Release|x64.Build.0 = Release|Any CPU
		{B0F2C0CB-9927-4AAB-9FA7-DC5B30EDDF5A}.Release|x86.ActiveCfg = Release|Any CPU
		{B0F2C0CB-9927-4AAB-9FA7-DC5B30EDDF5A}.Release|x86.Build.0 = Release|Any CPU
		{214F069D-7BF6-4094-ACAB-0328FE233EE6}.Debug|Any CPU.ActiveCfg = Debug|Any CPU
		{214F069D-7BF6-4094-ACAB-0328FE233EE6}.Debug|Any CPU.Build.0 = Debug|Any CPU
		{214F069D-7BF6-4094-ACAB-0328FE233EE6}.Debug|x64.ActiveCfg = Debug|Any CPU
		{214F069D-7BF6-4094-ACAB-0328FE233EE6}.Debug|x64.Build.0 = Debug|Any CPU
		{214F069D-7BF6-4094-ACAB-0328FE233EE6}.Debug|x86.ActiveCfg = Debug|Any CPU
		{214F069D-7BF6-4094-ACAB-0328FE233EE6}.Debug|x86.Build.0 = Debug|Any CPU
		{214F069D-7BF6-4094-ACAB-0328FE233EE6}.Release|Any CPU.ActiveCfg = Release|Any CPU
		{214F069D-7BF6-4094-ACAB-0328FE233EE6}.Release|Any CPU.Build.0 = Release|Any CPU
		{214F069D-7BF6-4094-ACAB-0328FE233EE6}.Release|x64.ActiveCfg = Release|Any CPU
		{214F069D-7BF6-4094-ACAB-0328FE233EE6}.Release|x64.Build.0 = Release|Any CPU
		{214F069D-7BF6-4094-ACAB-0328FE233EE6}.Release|x86.ActiveCfg = Release|Any CPU
		{214F069D-7BF6-4094-ACAB-0328FE233EE6}.Release|x86.Build.0 = Release|Any CPU
		{E58E7932-E432-4589-9344-5FA62921B0D9}.Debug|Any CPU.ActiveCfg = Debug|Any CPU
		{E58E7932-E432-4589-9344-5FA62921B0D9}.Debug|Any CPU.Build.0 = Debug|Any CPU
		{E58E7932-E432-4589-9344-5FA62921B0D9}.Debug|x64.ActiveCfg = Debug|Any CPU
		{E58E7932-E432-4589-9344-5FA62921B0D9}.Debug|x64.Build.0 = Debug|Any CPU
		{E58E7932-E432-4589-9344-5FA62921B0D9}.Debug|x86.ActiveCfg = Debug|Any CPU
		{E58E7932-E432-4589-9344-5FA62921B0D9}.Debug|x86.Build.0 = Debug|Any CPU
		{E58E7932-E432-4589-9344-5FA62921B0D9}.Release|Any CPU.ActiveCfg = Release|Any CPU
		{E58E7932-E432-4589-9344-5FA62921B0D9}.Release|Any CPU.Build.0 = Release|Any CPU
		{E58E7932-E432-4589-9344-5FA62921B0D9}.Release|x64.ActiveCfg = Release|Any CPU
		{E58E7932-E432-4589-9344-5FA62921B0D9}.Release|x64.Build.0 = Release|Any CPU
		{E58E7932-E432-4589-9344-5FA62921B0D9}.Release|x86.ActiveCfg = Release|Any CPU
		{E58E7932-E432-4589-9344-5FA62921B0D9}.Release|x86.Build.0 = Release|Any CPU
		{765E3A98-B495-415F-88EC-7E5A9E73CDE2}.Debug|Any CPU.ActiveCfg = Debug|Any CPU
		{765E3A98-B495-415F-88EC-7E5A9E73CDE2}.Debug|Any CPU.Build.0 = Debug|Any CPU
		{765E3A98-B495-415F-88EC-7E5A9E73CDE2}.Debug|x64.ActiveCfg = Debug|Any CPU
		{765E3A98-B495-415F-88EC-7E5A9E73CDE2}.Debug|x64.Build.0 = Debug|Any CPU
		{765E3A98-B495-415F-88EC-7E5A9E73CDE2}.Debug|x86.ActiveCfg = Debug|Any CPU
		{765E3A98-B495-415F-88EC-7E5A9E73CDE2}.Debug|x86.Build.0 = Debug|Any CPU
		{765E3A98-B495-415F-88EC-7E5A9E73CDE2}.Release|Any CPU.ActiveCfg = Release|Any CPU
		{765E3A98-B495-415F-88EC-7E5A9E73CDE2}.Release|Any CPU.Build.0 = Release|Any CPU
		{765E3A98-B495-415F-88EC-7E5A9E73CDE2}.Release|x64.ActiveCfg = Release|Any CPU
		{765E3A98-B495-415F-88EC-7E5A9E73CDE2}.Release|x64.Build.0 = Release|Any CPU
		{765E3A98-B495-415F-88EC-7E5A9E73CDE2}.Release|x86.ActiveCfg = Release|Any CPU
		{765E3A98-B495-415F-88EC-7E5A9E73CDE2}.Release|x86.Build.0 = Release|Any CPU
		{CD245388-F9D2-4F51-A8F1-29B3DDFEF645}.Debug|Any CPU.ActiveCfg = Debug|Any CPU
		{CD245388-F9D2-4F51-A8F1-29B3DDFEF645}.Debug|Any CPU.Build.0 = Debug|Any CPU
		{CD245388-F9D2-4F51-A8F1-29B3DDFEF645}.Debug|x64.ActiveCfg = Debug|Any CPU
		{CD245388-F9D2-4F51-A8F1-29B3DDFEF645}.Debug|x64.Build.0 = Debug|Any CPU
		{CD245388-F9D2-4F51-A8F1-29B3DDFEF645}.Debug|x86.ActiveCfg = Debug|Any CPU
		{CD245388-F9D2-4F51-A8F1-29B3DDFEF645}.Debug|x86.Build.0 = Debug|Any CPU
		{CD245388-F9D2-4F51-A8F1-29B3DDFEF645}.Release|Any CPU.ActiveCfg = Release|Any CPU
		{CD245388-F9D2-4F51-A8F1-29B3DDFEF645}.Release|Any CPU.Build.0 = Release|Any CPU
		{CD245388-F9D2-4F51-A8F1-29B3DDFEF645}.Release|x64.ActiveCfg = Release|Any CPU
		{CD245388-F9D2-4F51-A8F1-29B3DDFEF645}.Release|x64.Build.0 = Release|Any CPU
		{CD245388-F9D2-4F51-A8F1-29B3DDFEF645}.Release|x86.ActiveCfg = Release|Any CPU
		{CD245388-F9D2-4F51-A8F1-29B3DDFEF645}.Release|x86.Build.0 = Release|Any CPU
	EndGlobalSection
	GlobalSection(SolutionProperties) = preSolution
		HideSolutionNode = FALSE
	EndGlobalSection
	GlobalSection(NestedProjects) = preSolution
		{1D7D77F2-9365-4E5D-A106-E42540158B29} = {827E0CD3-B72D-47B6-A68D-7590B98EB39B}
		{AAEC95B9-E307-42D5-A7FD-80106EE2A03C} = {827E0CD3-B72D-47B6-A68D-7590B98EB39B}
		{B0F2C0CB-9927-4AAB-9FA7-DC5B30EDDF5A} = {827E0CD3-B72D-47B6-A68D-7590B98EB39B}
		{214F069D-7BF6-4094-ACAB-0328FE233EE6} = {827E0CD3-B72D-47B6-A68D-7590B98EB39B}
		{E58E7932-E432-4589-9344-5FA62921B0D9} = {827E0CD3-B72D-47B6-A68D-7590B98EB39B}
		{765E3A98-B495-415F-88EC-7E5A9E73CDE2} = {827E0CD3-B72D-47B6-A68D-7590B98EB39B}
		{CD245388-F9D2-4F51-A8F1-29B3DDFEF645} = {827E0CD3-B72D-47B6-A68D-7590B98EB39B}
	EndGlobalSection
EndGlobal
